
Microsoft Visual Studio Solution File, Format Version 12.00
# Visual Studio Version 16
VisualStudioVersion = 16.0.31702.278
MinimumVisualStudioVersion = 10.0.40219.1
Project("{FAE04EC0-301F-11D3-BF4B-00C04F79EFBC}") = "DropDownList", "DropDownList.csproj", "{673FB726-8B9B-48FA-804E-E3794C60D262}"
EndProject
Global
	GlobalSection(SolutionConfigurationPlatforms) = preSolution
		Debug|Any CPU = Debug|Any CPU
		Release|Any CPU = Release|Any CPU
	EndGlobalSection
	GlobalSection(ProjectConfigurationPlatforms) = postSolution
		{673FB726-8B9B-48FA-804E-E3794C60D262}.Debug|Any CPU.ActiveCfg = Debug|Any CPU
		{673FB726-8B9B-48FA-804E-E3794C60D262}.Debug|Any CPU.Build.0 = Debug|Any CPU
		{673FB726-8B9B-48FA-804E-E3794C60D262}.Release|Any CPU.ActiveCfg = Release|Any CPU
		{673FB726-8B9B-48FA-804E-E3794C60D262}.Release|Any CPU.Build.0 = Release|Any CPU
	EndGlobalSection
	GlobalSection(SolutionProperties) = preSolution
		HideSolutionNode = FALSE
	EndGlobalSection
	GlobalSection(ExtensibilityGlobals) = postSolution
		SolutionGuid = {E0BFE2A5-2F83-457A-813E-39DA667B4DC0}
	EndGlobalSection
EndGlobal
